
Microsoft Visual Studio Solution File, Format Version 12.00
# Visual Studio Version 16
VisualStudioVersion = 16.0.28803.202
MinimumVisualStudioVersion = 10.0.40219.1
Project("{9A19103F-16F7-4668-BE54-9A1E7A4F7556}") = "gpioapp", "gpioapp.csproj", "{79DD719D-8118-44B7-A02D-4013800036E0}"
EndProject
Global
	GlobalSection(SolutionConfigurationPlatforms) = preSolution
		Debug|Any CPU = Debug|Any CPU
		Release|Any CPU = Release|Any CPU
	EndGlobalSection
	GlobalSection(ProjectConfigurationPlatforms) = postSolution
		{79DD719D-8118-44B7-A02D-4013800036E0}.Debug|Any CPU.ActiveCfg = Debug|Any CPU
		{79DD719D-8118-44B7-A02D-4013800036E0}.Debug|Any CPU.Build.0 = Debug|Any CPU
		{79DD719D-8118-44B7-A02D-4013800036E0}.Release|Any CPU.ActiveCfg = Release|Any CPU
		{79DD719D-8118-44B7-A02D-4013800036E0}.Release|Any CPU.Build.0 = Release|Any CPU
	EndGlobalSection
	GlobalSection(SolutionProperties) = preSolution
		HideSolutionNode = FALSE
	EndGlobalSection
	GlobalSection(ExtensibilityGlobals) = postSolution
		SolutionGuid = {25344085-E8FE-4B7E-97A4-502E0409D831}
	EndGlobalSection
EndGlobal
